
Microsoft Visual Studio Solution File, Format Version 12.00
# Visual Studio Version 17
VisualStudioVersion = 17.14.36518.9
MinimumVisualStudioVersion = 10.0.40219.1
Project("{2150E333-8FDC-42A3-9474-1A3956D46DE8}") = "Task 0", "Task 0", "{02EA681E-C7D8-13C7-8484-4AC65E1B71E8}"
EndProject
Project("{FAE04EC0-301F-11D3-BF4B-00C04F79EFBC}") = "Tyuiu.MihajlichenkoSB.Sprint2.Task0.V14.Lib", "Tyuiu.MihajlichenkoSB.Sprint2.Task0.V14.Lib\Tyuiu.MihajlichenkoSB.Sprint2.Task0.V14.Lib.csproj", "{45B1FAE6-032F-4B14-8478-6D533F4D47D6}"
EndProject
Project("{FAE04EC0-301F-11D3-BF4B-00C04F79EFBC}") = "Tyuiu.MihajlichenkoSB.Sprint2.Task0.V14", "Tyuiu.MihajlichenkoSB.Sprint2.Task0.V14\Tyuiu.MihajlichenkoSB.Sprint2.Task0.V14.csproj", "{7D6674D4-896B-4D08-9C7F-9E1FECB00860}"
EndProject
Project("{FAE04EC0-301F-11D3-BF4B-00C04F79EFBC}") = "Tyuiu.MihajlichenkoSB.Sprint2.Task0.V14.Test", "Tyuiu.MihajlichenkoSB.Sprint2.Task0.V14.Test\Tyuiu.MihajlichenkoSB.Sprint2.Task0.V14.Test.csproj", "{60E4D831-FB19-4E9A-B21C-2EA2C12E6E57}"
EndProject
Project("{2150E333-8FDC-42A3-9474-1A3956D46DE8}") = "Task 1", "Task 1", "{10B4C027-D141-4692-9CAA-FFF02C8C59E8}"
EndProject
Project("{FAE04EC0-301F-11D3-BF4B-00C04F79EFBC}") = "Tyuiu.MihajlichenkoSB.Sprint2.Task1.V10.Test", "Tyuiu.MihajlichenkoSB.Sprint2.Task1.V10.Test\Tyuiu.MihajlichenkoSB.Sprint2.Task1.V10.Test.csproj", "{C346C9CE-D2A7-4448-9189-7450A9882E3A}"
EndProject
Project("{FAE04EC0-301F-11D3-BF4B-00C04F79EFBC}") = "Tyuiu.MihajlichenkoSB.Sprint2.Task1.V10.Lib", "Tyuiu.MihajlichenkoSB.Sprint2.Task1.V10.Lib\Tyuiu.MihajlichenkoSB.Sprint2.Task1.V10.Lib.csproj", "{57477B1D-643D-40A4-A60B-B628D376C7AC}"
EndProject
Project("{FAE04EC0-301F-11D3-BF4B-00C04F79EFBC}") = "Tyuiu.MihajlichenkoSB.Sprint2.Task1.V10", "Tyuiu.MihajlichenkoSB.Sprint2.Task1.V10\Tyuiu.MihajlichenkoSB.Sprint2.Task1.V10.csproj", "{197FF89F-1547-4C8E-AA68-2511F4275CA4}"
EndProject
Project("{2150E333-8FDC-42A3-9474-1A3956D46DE8}") = "Task 2", "Task 2", "{B49F1B89-E9CB-46E5-8C89-89A451E613D7}"
EndProject
Project("{FAE04EC0-301F-11D3-BF4B-00C04F79EFBC}") = "Tyuiu.MihajlichenkoSB.Sprint2.Task2.V2.Test", "Tyuiu.MihajlichenkoSB.Sprint2.Task2.V2.Test\Tyuiu.MihajlichenkoSB.Sprint2.Task2.V2.Test.csproj", "{B33C2138-BC10-479E-9E83-89FBD88143AF}"
EndProject
Project("{FAE04EC0-301F-11D3-BF4B-00C04F79EFBC}") = "Tyuiu.MihajlichenkoSB.Sprint2.Task2.V2.Lib", "Tyuiu.MihajlichenkoSB.Sprint2.Task2.V2.Lib\Tyuiu.MihajlichenkoSB.Sprint2.Task2.V2.Lib.csproj", "{780A0BC0-ABE5-4D79-A6FA-EEEBEC8C313C}"
EndProject
Project("{FAE04EC0-301F-11D3-BF4B-00C04F79EFBC}") = "Tyuiu.MihajlichenkoSB.Sprint2.Task2.V2", "Tyuiu.MihajlichenkoSB.Sprint2.Task2.V2\Tyuiu.MihajlichenkoSB.Sprint2.Task2.V2.csproj", "{F0C70CB6-576B-46D9-91DF-85F18606FDE6}"
EndProject
Project("{2150E333-8FDC-42A3-9474-1A3956D46DE8}") = "Task 3", "Task 3", "{96ACE065-DFA1-4D6C-AFA2-B3F89A1E2480}"
EndProject
Project("{FAE04EC0-301F-11D3-BF4B-00C04F79EFBC}") = "Tyuiu.MihajlichenkoSB.Sprint2.Task3.V11.Test", "Tyuiu.MihajlichenkoSB.Sprint2.Task3.V11.Test\Tyuiu.MihajlichenkoSB.Sprint2.Task3.V11.Test.csproj", "{BE456552-6747-40BD-B8E0-E7D7A8EBF5A4}"
EndProject
Project("{FAE04EC0-301F-11D3-BF4B-00C04F79EFBC}") = "Tyuiu.MihajlichenkoSB.Sprint2.Task3.V11.Lib", "Tyuiu.MihajlichenkoSB.Sprint2.Task3.V11.Lib\Tyuiu.MihajlichenkoSB.Sprint2.Task3.V11.Lib.csproj", "{C661BD5A-312C-4992-9F55-715F7A1E6B41}"
EndProject
Project("{FAE04EC0-301F-11D3-BF4B-00C04F79EFBC}") = "Tyuiu.MihajlichenkoSB.Sprint2.Task3.V11", "Tyuiu.MihajlichenkoSB.Sprint2.Task3.V11\Tyuiu.MihajlichenkoSB.Sprint2.Task3.V11.csproj", "{B205F339-9BD1-4B71-BAF6-490291420DD1}"
EndProject
Project("{2150E333-8FDC-42A3-9474-1A3956D46DE8}") = "Task 4", "Task 4", "{75FEBFE8-9AEB-4A50-AF0B-4FB33BB97E18}"
EndProject
Project("{FAE04EC0-301F-11D3-BF4B-00C04F79EFBC}") = "Tyuiu.MihajlichenkoSB.Sprint2.Task4.V2.Test", "Tyuiu.MihajlichenkoSB.Sprint2.Task4.V2.Test\Tyuiu.MihajlichenkoSB.Sprint2.Task4.V2.Test.csproj", "{9820A231-3DC4-4796-AE80-5D0AD984CA83}"
EndProject
Project("{FAE04EC0-301F-11D3-BF4B-00C04F79EFBC}") = "Tyuiu.MihajlichenkoSB.Sprint2.Task4.V2.Lib", "Tyuiu.MihajlichenkoSB.Sprint2.Task4.V2.Lib\Tyuiu.MihajlichenkoSB.Sprint2.Task4.V2.Lib.csproj", "{9F62F461-0343-470C-882E-971167501233}"
EndProject
Project("{FAE04EC0-301F-11D3-BF4B-00C04F79EFBC}") = "Tyuiu.MihajlichenkoSB.Sprint2.Task4.V2", "Tyuiu.MihajlichenkoSB.Sprint2.Task4.V2\Tyuiu.MihajlichenkoSB.Sprint2.Task4.V2.csproj", "{E506A4F3-571D-4F93-BE40-548E79A20B43}"
EndProject
Global
	GlobalSection(SolutionConfigurationPlatforms) = preSolution
		Debug|Any CPU = Debug|Any CPU
		Release|Any CPU = Release|Any CPU
	EndGlobalSection
	GlobalSection(ProjectConfigurationPlatforms) = postSolution
		{45B1FAE6-032F-4B14-8478-6D533F4D47D6}.Debug|Any CPU.ActiveCfg = Debug|Any CPU
		{45B1FAE6-032F-4B14-8478-6D533F4D47D6}.Debug|Any CPU.Build.0 = Debug|Any CPU
		{45B1FAE6-032F-4B14-8478-6D533F4D47D6}.Release|Any CPU.ActiveCfg = Release|Any CPU
		{45B1FAE6-032F-4B14-8478-6D533F4D47D6}.Release|Any CPU.Build.0 = Release|Any CPU
		{7D6674D4-896B-4D08-9C7F-9E1FECB00860}.Debug|Any CPU.ActiveCfg = Debug|Any CPU
		{7D6674D4-896B-4D08-9C7F-9E1FECB00860}.Debug|Any CPU.Build.0 = Debug|Any CPU
		{7D6674D4-896B-4D08-9C7F-9E1FECB00860}.Release|Any CPU.ActiveCfg = Release|Any CPU
		{7D6674D4-896B-4D08-9C7F-9E1FECB00860}.Release|Any CPU.Build.0 = Release|Any CPU
		{60E4D831-FB19-4E9A-B21C-2EA2C12E6E57}.Debug|Any CPU.ActiveCfg = Debug|Any CPU
		{60E4D831-FB19-4E9A-B21C-2EA2C12E6E57}.Debug|Any CPU.Build.0 = Debug|Any CPU
		{60E4D831-FB19-4E9A-B21C-2EA2C12E6E57}.Release|Any CPU.ActiveCfg = Release|Any CPU
		{60E4D831-FB19-4E9A-B21C-2EA2C12E6E57}.Release|Any CPU.Build.0 = Release|Any CPU
		{C346C9CE-D2A7-4448-9189-7450A9882E3A}.Debug|Any CPU.ActiveCfg = Debug|Any CPU
		{C346C9CE-D2A7-4448-9189-7450A9882E3A}.Debug|Any CPU.Build.0 = Debug|Any CPU
		{C346C9CE-D2A7-4448-9189-7450A9882E3A}.Release|Any CPU.ActiveCfg = Release|Any CPU
		{C346C9CE-D2A7-4448-9189-7450A9882E3A}.Release|Any CPU.Build.0 = Release|Any CPU
		{57477B1D-643D-40A4-A60B-B628D376C7AC}.Debug|Any CPU.ActiveCfg = Debug|Any CPU
		{57477B1D-643D-40A4-A60B-B628D376C7AC}.Debug|Any CPU.Build.0 = Debug|Any CPU
		{57477B1D-643D-40A4-A60B-B628D376C7AC}.Release|Any CPU.ActiveCfg = Release|Any CPU
		{57477B1D-643D-40A4-A60B-B628D376C7AC}.Release|Any CPU.Build.0 = Release|Any CPU
		{197FF89F-1547-4C8E-AA68-2511F4275CA4}.Debug|Any CPU.ActiveCfg = Debug|Any CPU
		{197FF89F-1547-4C8E-AA68-2511F4275CA4}.Debug|Any CPU.Build.0 = Debug|Any CPU
		{197FF89F-1547-4C8E-AA68-2511F4275CA4}.Release|Any CPU.ActiveCfg = Release|Any CPU
		{197FF89F-1547-4C8E-AA68-2511F4275CA4}.Release|Any CPU.Build.0 = Release|Any CPU
		{B33C2138-BC10-479E-9E83-89FBD88143AF}.Debug|Any CPU.ActiveCfg = Debug|Any CPU
		{B33C2138-BC10-479E-9E83-89FBD88143AF}.Debug|Any CPU.Build.0 = Debug|Any CPU
		{B33C2138-BC10-479E-9E83-89FBD88143AF}.Release|Any CPU.ActiveCfg = Release|Any CPU
		{B33C2138-BC10-479E-9E83-89FBD88143AF}.Release|Any CPU.Build.0 = Release|Any CPU
		{780A0BC0-ABE5-4D79-A6FA-EEEBEC8C313C}.Debug|Any CPU.ActiveCfg = Debug|Any CPU
		{780A0BC0-ABE5-4D79-A6FA-EEEBEC8C313C}.Debug|Any CPU.Build.0 = Debug|Any CPU
		{780A0BC0-ABE5-4D79-A6FA-EEEBEC8C313C}.Release|Any CPU.ActiveCfg = Release|Any CPU
		{780A0BC0-ABE5-4D79-A6FA-EEEBEC8C313C}.Release|Any CPU.Build.0 = Release|Any CPU
		{F0C70CB6-576B-46D9-91DF-85F18606FDE6}.Debug|Any CPU.ActiveCfg = Debug|Any CPU
		{F0C70CB6-576B-46D9-91DF-85F18606FDE6}.Debug|Any CPU.Build.0 = Debug|Any CPU
		{F0C70CB6-576B-46D9-91DF-85F18606FDE6}.Release|Any CPU.ActiveCfg = Release|Any CPU
		{F0C70CB6-576B-46D9-91DF-85F18606FDE6}.Release|Any CPU.Build.0 = Release|Any CPU
		{BE456552-6747-40BD-B8E0-E7D7A8EBF5A4}.Debug|Any CPU.ActiveCfg = Debug|Any CPU
		{BE456552-6747-40BD-B8E0-E7D7A8EBF5A4}.Debug|Any CPU.Build.0 = Debug|Any CPU
		{BE456552-6747-40BD-B8E0-E7D7A8EBF5A4}.Release|Any CPU.ActiveCfg = Release|Any CPU
		{BE456552-6747-40BD-B8E0-E7D7A8EBF5A4}.Release|Any CPU.Build.0 = Release|Any CPU
		{C661BD5A-312C-4992-9F55-715F7A1E6B41}.Debug|Any CPU.ActiveCfg = Debug|Any CPU
		{C661BD5A-312C-4992-9F55-715F7A1E6B41}.Debug|Any CPU.Build.0 = Debug|Any CPU
		{C661BD5A-312C-4992-9F55-715F7A1E6B41}.Release|Any CPU.ActiveCfg = Release|Any CPU
		{C661BD5A-312C-4992-9F55-715F7A1E6B41}.Release|Any CPU.Build.0 = Release|Any CPU
		{B205F339-9BD1-4B71-BAF6-490291420DD1}.Debug|Any CPU.ActiveCfg = Debug|Any CPU
		{B205F339-9BD1-4B71-BAF6-490291420DD1}.Debug|Any CPU.Build.0 = Debug|Any CPU
		{B205F339-9BD1-4B71-BAF6-490291420DD1}.Release|Any CPU.ActiveCfg = Release|Any CPU
		{B205F339-9BD1-4B71-BAF6-490291420DD1}.Release|Any CPU.Build.0 = Release|Any CPU
		{9820A231-3DC4-4796-AE80-5D0AD984CA83}.Debug|Any CPU.ActiveCfg = Debug|Any CPU
		{9820A231-3DC4-4796-AE80-5D0AD984CA83}.Debug|Any CPU.Build.0 = Debug|Any CPU
		{9820A231-3DC4-4796-AE80-5D0AD984CA83}.Release|Any CPU.ActiveCfg = Release|Any CPU
		{9820A231-3DC4-4796-AE80-5D0AD984CA83}.Release|Any CPU.Build.0 = Release|Any CPU
		{9F62F461-0343-470C-882E-971167501233}.Debug|Any CPU.ActiveCfg = Debug|Any CPU
		{9F62F461-0343-470C-882E-971167501233}.Debug|Any CPU.Build.0 = Debug|Any CPU
		{9F62F461-0343-470C-882E-971167501233}.Release|Any CPU.ActiveCfg = Release|Any CPU
		{9F62F461-0343-470C-882E-971167501233}.Release|Any CPU.Build.0 = Release|Any CPU
		{E506A4F3-571D-4F93-BE40-548E79A20B43}.Debug|Any CPU.ActiveCfg = Debug|Any CPU
		{E506A4F3-571D-4F93-BE40-548E79A20B43}.Debug|Any CPU.Build.0 = Debug|Any CPU
		{E506A4F3-571D-4F93-BE40-548E79A20B43}.Release|Any CPU.ActiveCfg = Release|Any CPU
		{E506A4F3-571D-4F93-BE40-548E79A20B43}.Release|Any CPU.Build.0 = Release|Any CPU
	EndGlobalSection
	GlobalSection(SolutionProperties) = preSolution
		HideSolutionNode = FALSE
	EndGlobalSection
	GlobalSection(NestedProjects) = preSolution
		{45B1FAE6-032F-4B14-8478-6D533F4D47D6} = {02EA681E-C7D8-13C7-8484-4AC65E1B71E8}
		{7D6674D4-896B-4D08-9C7F-9E1FECB00860} = {02EA681E-C7D8-13C7-8484-4AC65E1B71E8}
		{60E4D831-FB19-4E9A-B21C-2EA2C12E6E57} = {02EA681E-C7D8-13C7-8484-4AC65E1B71E8}
		{C346C9CE-D2A7-4448-9189-7450A9882E3A} = {10B4C027-D141-4692-9CAA-FFF02C8C59E8}
		{57477B1D-643D-40A4-A60B-B628D376C7AC} = {10B4C027-D141-4692-9CAA-FFF02C8C59E8}
		{197FF89F-1547-4C8E-AA68-2511F4275CA4} = {10B4C027-D141-4692-9CAA-FFF02C8C59E8}
		{B33C2138-BC10-479E-9E83-89FBD88143AF} = {B49F1B89-E9CB-46E5-8C89-89A451E613D7}
		{780A0BC0-ABE5-4D79-A6FA-EEEBEC8C313C} = {B49F1B89-E9CB-46E5-8C89-89A451E613D7}
		{F0C70CB6-576B-46D9-91DF-85F18606FDE6} = {B49F1B89-E9CB-46E5-8C89-89A451E613D7}
		{BE456552-6747-40BD-B8E0-E7D7A8EBF5A4} = {96ACE065-DFA1-4D6C-AFA2-B3F89A1E2480}
		{C661BD5A-312C-4992-9F55-715F7A1E6B41} = {96ACE065-DFA1-4D6C-AFA2-B3F89A1E2480}
		{B205F339-9BD1-4B71-BAF6-490291420DD1} = {96ACE065-DFA1-4D6C-AFA2-B3F89A1E2480}
		{9820A231-3DC4-4796-AE80-5D0AD984CA83} = {75FEBFE8-9AEB-4A50-AF0B-4FB33BB97E18}
		{9F62F461-0343-470C-882E-971167501233} = {75FEBFE8-9AEB-4A50-AF0B-4FB33BB97E18}
		{E506A4F3-571D-4F93-BE40-548E79A20B43} = {75FEBFE8-9AEB-4A50-AF0B-4FB33BB97E18}
	EndGlobalSection
	GlobalSection(ExtensibilityGlobals) = postSolution
		SolutionGuid = {A7F17B18-0F8E-4401-96E7-D830E2FECB8F}
	EndGlobalSection
EndGlobal
